lockfileVersion: 5.3

specifiers:
  '@actions/core': ^1.7.0
  '@aws-sdk/client-lambda': ^3.82.0
  '@types/node': ^17.0.31
  esbuild: ^0.14.38
  typescript: ^4.6.4

dependencies:
  '@actions/core': 1.7.0
  '@aws-sdk/client-lambda': 3.82.0

devDependencies:
  '@types/node': 17.0.31
  esbuild: 0.14.38
  typescript: 4.6.4

packages:

  /@actions/core/1.7.0:
    resolution: {integrity: sha512-7fPSS7yKOhTpgLMbw7lBLc1QJWvJBBAgyTX2PEhagWcKK8t0H8AKCoPMfnrHqIm5cRYH4QFPqD1/ruhuUE7YcQ==}
    dependencies:
      '@actions/http-client': 1.0.11
    dev: false

  /@actions/http-client/1.0.11:
    resolution: {integrity: sha512-VRYHGQV1rqnROJqdMvGUbY/Kn8vriQe/F9HR2AlYHzmKuM/p3kjNuXhmdBfcVgsvRWTz5C5XW5xvndZrVBuAYg==}
    dependencies:
      tunnel: 0.0.6
    dev: false

  /@aws-crypto/ie11-detection/2.0.0:
    resolution: {integrity: sha512-pkVXf/dq6PITJ0jzYZ69VhL8VFOFoPZLZqtU/12SGnzYuJOOGNfF41q9GxdI1yqC8R13Rq3jOLKDFpUJFT5eTA==}
    dependencies:
      tslib: 1.14.1
    dev: false

  /@aws-crypto/sha256-browser/2.0.0:
    resolution: {integrity: sha512-rYXOQ8BFOaqMEHJrLHul/25ckWH6GTJtdLSajhlqGMx0PmSueAuvboCuZCTqEKlxR8CQOwRarxYMZZSYlhRA1A==}
    dependencies:
      '@aws-crypto/ie11-detection': 2.0.0
      '@aws-crypto/sha256-js': 2.0.0
      '@aws-crypto/supports-web-crypto': 2.0.0
      '@aws-crypto/util': 2.0.1
      '@aws-sdk/types': 3.78.0
      '@aws-sdk/util-locate-window': 3.55.0
      '@aws-sdk/util-utf8-browser': 3.55.0
      tslib: 1.14.1
    dev: false

  /@aws-crypto/sha256-js/2.0.0:
    resolution: {integrity: sha512-VZY+mCY4Nmrs5WGfitmNqXzaE873fcIZDu54cbaDaaamsaTOP1DBImV9F4pICc3EHjQXujyE8jig+PFCaew9ig==}
    dependencies:
      '@aws-crypto/util': 2.0.1
      '@aws-sdk/types': 3.78.0
      tslib: 1.14.1
    dev: false

  /@aws-crypto/supports-web-crypto/2.0.0:
    resolution: {integrity: sha512-Ge7WQ3E0OC7FHYprsZV3h0QIcpdyJLvIeg+uTuHqRYm8D6qCFJoiC+edSzSyFiHtZf+NOQDJ1q46qxjtzIY2nA==}
    dependencies:
      tslib: 1.14.1
    dev: false

  /@aws-crypto/util/2.0.1:
    resolution: {integrity: sha512-JJmFFwvbm08lULw4Nm5QOLg8+lAQeC8aCXK5xrtxntYzYXCGfHwUJ4Is3770Q7HmICsXthGQ+ZsDL7C2uH3yBQ==}
    dependencies:
      '@aws-sdk/types': 3.78.0
      '@aws-sdk/util-utf8-browser': 3.55.0
      tslib: 1.14.1
    dev: false

  /@aws-sdk/abort-controller/3.78.0:
    resolution: {integrity: sha512-iz1YLwM2feJUj/y97yO4XmDeTxs+yZ1XJwQgoawKuc8IDBKUutnJNCHL5jL04WUKU7Nrlq+Hr2fCTScFh2z9zg==}
    engines: {node: '>= 12.0.0'}
    dependencies:
      '@aws-sdk/types': 3.78.0
      tslib: 2.4.0
    dev: false

  /@aws-sdk/client-lambda/3.82.0:
    resolution: {integrity: sha512-XNLV3YGdKK9sddv9kyOVrrkA7EQgVDUsIgjeP/lGIlhtstOzhBFL76HXpKN9lHYjeyF9LX36kEcRHUMRnmdImw==}
    engines: {node: '>=12.0.0'}
    dependencies:
      '@aws-crypto/sha256-browser': 2.0.0
      '@aws-crypto/sha256-js': 2.0.0
      '@aws-sdk/client-sts': 3.82.0
      '@aws-sdk/config-resolver': 3.80.0
      '@aws-sdk/credential-provider-node': 3.82.0
      '@aws-sdk/fetch-http-handler': 3.78.0
      '@aws-sdk/hash-node': 3.78.0
      '@aws-sdk/invalid-dependency': 3.78.0
      '@aws-sdk/middleware-content-length': 3.78.0
      '@aws-sdk/middleware-host-header': 3.78.0
      '@aws-sdk/middleware-logger': 3.78.0
      '@aws-sdk/middleware-retry': 3.80.0
      '@aws-sdk/middleware-serde': 3.78.0
      '@aws-sdk/middleware-signing': 3.78.0
      '@aws-sdk/middleware-stack': 3.78.0
      '@aws-sdk/middleware-user-agent': 3.78.0
      '@aws-sdk/node-config-provider': 3.80.0
      '@aws-sdk/node-http-handler': 3.82.0
      '@aws-sdk/protocol-http': 3.78.0
      '@aws-sdk/smithy-client': 3.78.0
      '@aws-sdk/types': 3.78.0
      '@aws-sdk/url-parser': 3.78.0
      '@aws-sdk/util-base64-browser': 3.58.0
      '@aws-sdk/util-base64-node': 3.55.0
      '@aws-sdk/util-body-length-browser': 3.55.0
      '@aws-sdk/util-body-length-node': 3.55.0
      '@aws-sdk/util-defaults-mode-browser': 3.78.0
      '@aws-sdk/util-defaults-mode-node': 3.81.0
      '@aws-sdk/util-user-agent-browser': 3.78.0
      '@aws-sdk/util-user-agent-node': 3.80.0
      '@aws-sdk/util-utf8-browser': 3.55.0
      '@aws-sdk/util-utf8-node': 3.55.0
      '@aws-sdk/util-waiter': 3.78.0
      tslib: 2.4.0
    dev: false

  /@aws-sdk/client-sso/3.82.0:
    resolution: {integrity: sha512-zfscjrufPLh1RwdVMDx+5xxZbrY64UD4aSHlmWcPxE8ySj2MVfoE18EBQcCgY82U5QgssT7yxtUirxyI2b92tw==}
    engines: {node: '>=12.0.0'}
    dependencies:
      '@aws-crypto/sha256-browser': 2.0.0
      '@aws-crypto/sha256-js': 2.0.0
      '@aws-sdk/config-resolver': 3.80.0
      '@aws-sdk/fetch-http-handler': 3.78.0
      '@aws-sdk/hash-node': 3.78.0
      '@aws-sdk/invalid-dependency': 3.78.0
      '@aws-sdk/middleware-content-length': 3.78.0
      '@aws-sdk/middleware-host-header': 3.78.0
      '@aws-sdk/middleware-logger': 3.78.0
      '@aws-sdk/middleware-retry': 3.80.0
      '@aws-sdk/middleware-serde': 3.78.0
      '@aws-sdk/middleware-stack': 3.78.0
      '@aws-sdk/middleware-user-agent': 3.78.0
      '@aws-sdk/node-config-provider': 3.80.0
      '@aws-sdk/node-http-handler': 3.82.0
      '@aws-sdk/protocol-http': 3.78.0
      '@aws-sdk/smithy-client': 3.78.0
      '@aws-sdk/types': 3.78.0
      '@aws-sdk/url-parser': 3.78.0
      '@aws-sdk/util-base64-browser': 3.58.0
      '@aws-sdk/util-base64-node': 3.55.0
      '@aws-sdk/util-body-length-browser': 3.55.0
      '@aws-sdk/util-body-length-node': 3.55.0
      '@aws-sdk/util-defaults-mode-browser': 3.78.0
      '@aws-sdk/util-defaults-mode-node': 3.81.0
      '@aws-sdk/util-user-agent-browser': 3.78.0
      '@aws-sdk/util-user-agent-node': 3.80.0
      '@aws-sdk/util-utf8-browser': 3.55.0
      '@aws-sdk/util-utf8-node': 3.55.0
      tslib: 2.4.0
    dev: false

  /@aws-sdk/client-sts/3.82.0:
    resolution: {integrity: sha512-gR1dz/a6lMD2U+AUpLUocXDruDDQFCUoknrpzMZPCAVsamrF17dwKKCgKVlz6zseHP6uPMPluuppvYQ16wsYyQ==}
    engines: {node: '>=12.0.0'}
    dependencies:
      '@aws-crypto/sha256-browser': 2.0.0
      '@aws-crypto/sha256-js': 2.0.0
      '@aws-sdk/config-resolver': 3.80.0
      '@aws-sdk/credential-provider-node': 3.82.0
      '@aws-sdk/fetch-http-handler': 3.78.0
      '@aws-sdk/hash-node': 3.78.0
      '@aws-sdk/invalid-dependency': 3.78.0
      '@aws-sdk/middleware-content-length': 3.78.0
      '@aws-sdk/middleware-host-header': 3.78.0
      '@aws-sdk/middleware-logger': 3.78.0
      '@aws-sdk/middleware-retry': 3.80.0
      '@aws-sdk/middleware-sdk-sts': 3.78.0
      '@aws-sdk/middleware-serde': 3.78.0
      '@aws-sdk/middleware-signing': 3.78.0
      '@aws-sdk/middleware-stack': 3.78.0
      '@aws-sdk/middleware-user-agent': 3.78.0
      '@aws-sdk/node-config-provider': 3.80.0
      '@aws-sdk/node-http-handler': 3.82.0
      '@aws-sdk/protocol-http': 3.78.0
      '@aws-sdk/smithy-client': 3.78.0
      '@aws-sdk/types': 3.78.0
      '@aws-sdk/url-parser': 3.78.0
      '@aws-sdk/util-base64-browser': 3.58.0
      '@aws-sdk/util-base64-node': 3.55.0
      '@aws-sdk/util-body-length-browser': 3.55.0
      '@aws-sdk/util-body-length-node': 3.55.0
      '@aws-sdk/util-defaults-mode-browser': 3.78.0
      '@aws-sdk/util-defaults-mode-node': 3.81.0
      '@aws-sdk/util-user-agent-browser': 3.78.0
      '@aws-sdk/util-user-agent-node': 3.80.0
      '@aws-sdk/util-utf8-browser': 3.55.0
      '@aws-sdk/util-utf8-node': 3.55.0
      entities: 2.2.0
      fast-xml-parser: 3.19.0
      tslib: 2.4.0
    dev: false

  /@aws-sdk/config-resolver/3.80.0:
    resolution: {integrity: sha512-vFruNKlmhsaC8yjnHmasi1WW/7EELlEuFTj4mqcqNqR4dfraf0maVvpqF1VSR8EstpFMsGYI5dmoWAnnG4PcLQ==}
    engines: {node: '>= 12.0.0'}
    dependencies:
      '@aws-sdk/signature-v4': 3.78.0
      '@aws-sdk/types': 3.78.0
      '@aws-sdk/util-config-provider': 3.55.0
      '@aws-sdk/util-middleware': 3.78.0
      tslib: 2.4.0
    dev: false

  /@aws-sdk/credential-provider-env/3.78.0:
    resolution: {integrity: sha512-K41VTIzVHm2RyIwtBER8Hte3huUBXdV1WKO+i7olYVgLFmaqcZUNrlyoGDRqZcQ/u4AbxTzBU9jeMIbIfzMOWg==}
    engines: {node: '>= 12.0.0'}
    dependencies:
      '@aws-sdk/property-provider': 3.78.0
      '@aws-sdk/types': 3.78.0
      tslib: 2.4.0
    dev: false

  /@aws-sdk/credential-provider-imds/3.81.0:
    resolution: {integrity: sha512-BHopP+gaovTYj+4tSrwCk8NNCR48gE9CWmpIOLkP9ell0gOL81Qh7aCEiIK0BZBZkccv1s16cYq1MSZZGS7PEQ==}
    engines: {node: '>= 12.0.0'}
    dependencies:
      '@aws-sdk/node-config-provider': 3.80.0
      '@aws-sdk/property-provider': 3.78.0
      '@aws-sdk/types': 3.78.0
      '@aws-sdk/url-parser': 3.78.0
      tslib: 2.4.0
    dev: false

  /@aws-sdk/credential-provider-ini/3.82.0:
    resolution: {integrity: sha512-2HrH5Ok/ZpN/81JbIY+HiKjNtGoXP50jyX8a5Dpez41hLuXek7j2ENWRcNOMkPtot+Ri088h661Y7sdzOv1etg==}
    engines: {node: '>= 12.0.0'}
    dependencies:
      '@aws-sdk/credential-provider-env': 3.78.0
      '@aws-sdk/credential-provider-imds': 3.81.0
      '@aws-sdk/credential-provider-sso': 3.82.0
      '@aws-sdk/credential-provider-web-identity': 3.78.0
      '@aws-sdk/property-provider': 3.78.0
      '@aws-sdk/shared-ini-file-loader': 3.80.0
      '@aws-sdk/types': 3.78.0
      tslib: 2.4.0
    dev: false

  /@aws-sdk/credential-provider-node/3.82.0:
    resolution: {integrity: sha512-jjZj5h+tKaFBl/RnZ4Atpdtot6ZK4F2EBC8t+sNnFhPqcnhO42+7tLZ/aXhdY1oCvD54RG3exHFRsY6qDe8MhQ==}
    engines: {node: '>=12.0.0'}
    dependencies:
      '@aws-sdk/credential-provider-env': 3.78.0
      '@aws-sdk/credential-provider-imds': 3.81.0
      '@aws-sdk/credential-provider-ini': 3.82.0
      '@aws-sdk/credential-provider-process': 3.80.0
      '@aws-sdk/credential-provider-sso': 3.82.0
      '@aws-sdk/credential-provider-web-identity': 3.78.0
      '@aws-sdk/property-provider': 3.78.0
      '@aws-sdk/shared-ini-file-loader': 3.80.0
      '@aws-sdk/types': 3.78.0
      tslib: 2.4.0
    dev: false

  /@aws-sdk/credential-provider-process/3.80.0:
    resolution: {integrity: sha512-3Ro+kMMyLUJHefOhGc5pOO/ibGcJi8bkj0z/Jtqd5I2Sm1qi7avoztST67/k48KMW1OqPnD/FUqxz5T8B2d+FQ==}
    engines: {node: '>= 12.0.0'}
    dependencies:
      '@aws-sdk/property-provider': 3.78.0
      '@aws-sdk/shared-ini-file-loader': 3.80.0
      '@aws-sdk/types': 3.78.0
      tslib: 2.4.0
    dev: false

  /@aws-sdk/credential-provider-sso/3.82.0:
    resolution: {integrity: sha512-cOIFD6dohrp/cz3bkT0rxbfHgNA4wXRtOciitbBpNnfxOdu51M9bp+XZFb3tdTfhE9fIr4Y+BGqF6AXWZkikLg==}
    engines: {node: '>= 12.0.0'}
    dependencies:
      '@aws-sdk/client-sso': 3.82.0
      '@aws-sdk/property-provider': 3.78.0
      '@aws-sdk/shared-ini-file-loader': 3.80.0
      '@aws-sdk/types': 3.78.0
      tslib: 2.4.0
    dev: false

  /@aws-sdk/credential-provider-web-identity/3.78.0:
    resolution: {integrity: sha512-9/IvqHdJaVqMEABA8xZE3t5YF1S2PepfckVu0Ws9YUglj6oO+2QyVX6aRgMF1xph6781+Yc31TDh8/3eaDja7w==}
    engines: {node: '>= 12.0.0'}
    dependencies:
      '@aws-sdk/property-provider': 3.78.0
      '@aws-sdk/types': 3.78.0
      tslib: 2.4.0
    dev: false

  /@aws-sdk/fetch-http-handler/3.78.0:
    resolution: {integrity: sha512-cR6r2h2kJ1DNEZSXC6GknQB7OKmy+s9ZNV+g3AsNqkrUmNNOaHpFoSn+m6SC3qaclcGd0eQBpqzSu/TDn23Ihw==}
    dependencies:
      '@aws-sdk/protocol-http': 3.78.0
      '@aws-sdk/querystring-builder': 3.78.0
      '@aws-sdk/types': 3.78.0
      '@aws-sdk/util-base64-browser': 3.58.0
      tslib: 2.4.0
    dev: false

  /@aws-sdk/hash-node/3.78.0:
    resolution: {integrity: sha512-ev48yXaqZVtMeuKy52LUZPHCyKvkKQ9uiUebqkA+zFxIk+eN8SMPFHmsififIHWuS6ZkXBUSctjH9wmLebH60A==}
    engines: {node: '>= 12.0.0'}
    dependencies:
      '@aws-sdk/types': 3.78.0
      '@aws-sdk/util-buffer-from': 3.55.0
      tslib: 2.4.0
    dev: false

  /@aws-sdk/invalid-dependency/3.78.0:
    resolution: {integrity: sha512-zUo+PbeRMN/Mzj6y+6p9qqk/znuFetT1gmpOcZGL9Rp2T+b9WJWd+daq5ktsL10sVCzIt2UvneJRz6b+aU+bfw==}
    dependencies:
      '@aws-sdk/types': 3.78.0
      tslib: 2.4.0
    dev: false

  /@aws-sdk/is-array-buffer/3.55.0:
    resolution: {integrity: sha512-NbiPHVYuPxdqdFd6FxzzN3H1BQn/iWA3ri3Ry7AyLeP/tGs1yzEWMwf8BN8TSMALI0GXT6Sh0GDWy3Ok5xB6DA==}
    engines: {node: '>= 12.0.0'}
    dependencies:
      tslib: 2.4.0
    dev: false

  /@aws-sdk/middleware-content-length/3.78.0:
    resolution: {integrity: sha512-5MpKt6lB9TdFy25/AGrpOjPY0iDHZAKpEHc+jSOJBXLl6xunXA7qHdiYaVqkWodLxy70nIckGNHqQ3drabidkA==}
    engines: {node: '>= 12.0.0'}
    dependencies:
      '@aws-sdk/protocol-http': 3.78.0
      '@aws-sdk/types': 3.78.0
      tslib: 2.4.0
    dev: false

  /@aws-sdk/middleware-host-header/3.78.0:
    resolution: {integrity: sha512-1zL8uaDWGmH50c8B8jjz75e0ePj6/3QeZEhjJgTgL6DTdiqvRt32p3t+XWHW+yDI14fZZUYeTklAaLVxqFrHqQ==}
    engines: {node: '>= 12.0.0'}
    dependencies:
      '@aws-sdk/protocol-http': 3.78.0
      '@aws-sdk/types': 3.78.0
      tslib: 2.4.0
    dev: false

  /@aws-sdk/middleware-logger/3.78.0:
    resolution: {integrity: sha512-GBhwxNjhCJUIeQQDaGasX/C23Jay77al2vRyGwmxf8no0DdFsa4J1Ik6/2hhIqkqko+WM4SpCnpZrY4MtnxNvA==}
    engines: {node: '>= 12.0.0'}
    dependencies:
      '@aws-sdk/types': 3.78.0
      tslib: 2.4.0
    dev: false

  /@aws-sdk/middleware-retry/3.80.0:
    resolution: {integrity: sha512-CTk+tA4+WMUNOcUfR6UQrkhwvPYFpnMsQ1vuHlpLFOGG3nCqywA2hueLMRQmVcDXzP0sGeygce6dzRI9dJB/GA==}
    engines: {node: '>= 12.0.0'}
    dependencies:
      '@aws-sdk/protocol-http': 3.78.0
      '@aws-sdk/service-error-classification': 3.78.0
      '@aws-sdk/types': 3.78.0
      '@aws-sdk/util-middleware': 3.78.0
      tslib: 2.4.0
      uuid: 8.3.2
    dev: false

  /@aws-sdk/middleware-sdk-sts/3.78.0:
    resolution: {integrity: sha512-Lu/kN0J0/Kt0ON1hvwNel+y8yvf35licfIgtedHbBCa/ju8qQ9j+uL9Lla6Y5Tqu29yVaye1JxhiIDhscSwrLA==}
    engines: {node: '>= 12.0.0'}
    dependencies:
      '@aws-sdk/middleware-signing': 3.78.0
      '@aws-sdk/property-provider': 3.78.0
      '@aws-sdk/protocol-http': 3.78.0
      '@aws-sdk/signature-v4': 3.78.0
      '@aws-sdk/types': 3.78.0
      tslib: 2.4.0
    dev: false

  /@aws-sdk/middleware-serde/3.78.0:
    resolution: {integrity: sha512-4DPsNOxsl1bxRzfo1WXEZjmD7OEi7qGNpxrDWucVe96Fqj2dH08jR8wxvBIVV1e6bAad07IwdPuCGmivNvwRuQ==}
    engines: {node: '>= 12.0.0'}
    dependencies:
      '@aws-sdk/types': 3.78.0
      tslib: 2.4.0
    dev: false

  /@aws-sdk/middleware-signing/3.78.0:
    resolution: {integrity: sha512-OEjJJCNhHHSOprLZ9CzjHIXEKFtPHWP/bG9pMhkV3/6Bmscsgcf8gWHcOnmIrjqX+hT1VALDNpl/RIh0J6/eQw==}
    engines: {node: '>= 12.0.0'}
    dependencies:
      '@aws-sdk/property-provider': 3.78.0
      '@aws-sdk/protocol-http': 3.78.0
      '@aws-sdk/signature-v4': 3.78.0
      '@aws-sdk/types': 3.78.0
      tslib: 2.4.0
    dev: false

  /@aws-sdk/middleware-stack/3.78.0:
    resolution: {integrity: sha512-UoNfRh6eAJN3BJHlG1eb+KeuSe+zARTC2cglroJRyHc2j7GxH2i9FD3IJbj5wvzopJEnQzuY/VCs6STFkqWL1g==}
    engines: {node: '>= 12.0.0'}
    dependencies:
      tslib: 2.4.0
    dev: false

  /@aws-sdk/middleware-user-agent/3.78.0:
    resolution: {integrity: sha512-wdN5uoq8RxxhLhj0EPeuDSRFuXfUwKeEqRzCKMsYAOC0cAm+PryaP2leo0oTGJ9LUK8REK7zyfFcmtC4oOzlkA==}
    engines: {node: '>= 12.0.0'}
    dependencies:
      '@aws-sdk/protocol-http': 3.78.0
      '@aws-sdk/types': 3.78.0
      tslib: 2.4.0
    dev: false

  /@aws-sdk/node-config-provider/3.80.0:
    resolution: {integrity: sha512-vyTOMK04huB7n10ZUv0thd2TE6KlY8livOuLqFTMtj99AJ6vyeB5XBNwKnQtJIt/P7CijYgp8KcFvI9fndOmKg==}
    engines: {node: '>= 12.0.0'}
    dependencies:
      '@aws-sdk/property-provider': 3.78.0
      '@aws-sdk/shared-ini-file-loader': 3.80.0
      '@aws-sdk/types': 3.78.0
      tslib: 2.4.0
    dev: false

  /@aws-sdk/node-http-handler/3.82.0:
    resolution: {integrity: sha512-yyq/DA/IMzL4fLJhV7zVfP7aUQWPHfOKTCJjWB3KeV5YPiviJtSKb/KyzNi+gQyO7SmsL/8vQbQrf3/s7N/2OA==}
    engines: {node: '>= 12.0.0'}
    dependencies:
      '@aws-sdk/abort-controller': 3.78.0
      '@aws-sdk/protocol-http': 3.78.0
      '@aws-sdk/querystring-builder': 3.78.0
      '@aws-sdk/types': 3.78.0
      tslib: 2.4.0
    dev: false

  /@aws-sdk/property-provider/3.78.0:
    resolution: {integrity: sha512-PZpLvV0hF6lqg3CSN9YmphrB/t5LVJVWGJLB9d9qm7sJs5ksjTYBb5bY91OQ3zit0F4cqBMU8xt2GQ9J6d4DvQ==}
    engines: {node: '>= 12.0.0'}
    dependencies:
      '@aws-sdk/types': 3.78.0
      tslib: 2.4.0
    dev: false

  /@aws-sdk/protocol-http/3.78.0:
    resolution: {integrity: sha512-SQB26MhEK96yDxyXd3UAaxLz1Y/ZvgE4pzv7V3wZiokdEedM0kawHKEn1UQJlqJLEZcQI9QYyysh3rTvHZ3fyg==}
    engines: {node: '>= 12.0.0'}
    dependencies:
      '@aws-sdk/types': 3.78.0
      tslib: 2.4.0
    dev: false

  /@aws-sdk/querystring-builder/3.78.0:
    resolution: {integrity: sha512-aib6RW1WAaTQDqVgRU1Ku9idkhm90gJKbCxVaGId+as6QHNUqMChEfK2v+0afuKiPNOs5uWmqvOXI9+Gt+UGDg==}
    engines: {node: '>= 12.0.0'}
    dependencies:
      '@aws-sdk/types': 3.78.0
      '@aws-sdk/util-uri-escape': 3.55.0
      tslib: 2.4.0
    dev: false

  /@aws-sdk/querystring-parser/3.78.0:
    resolution: {integrity: sha512-csaH8YTyN+KMNczeK6fBS8l7iJaqcQcKOIbpQFg5upX4Ly5A56HJn4sVQhY1LSgfSk4xRsNfMy5mu6BlsIiaXA==}
    engines: {node: '>= 12.0.0'}
    dependencies:
      '@aws-sdk/types': 3.78.0
      tslib: 2.4.0
    dev: false

  /@aws-sdk/service-error-classification/3.78.0:
    resolution: {integrity: sha512-x7Lx8KWctJa01q4Q72Zb4ol9L/era3vy2daASu8l2paHHxsAPBE0PThkvLdUSLZSzlHSVdh3YHESIsT++VsK4w==}
    engines: {node: '>= 12.0.0'}
    dev: false

  /@aws-sdk/shared-ini-file-loader/3.80.0:
    resolution: {integrity: sha512-3d5EBJjnWWkjLK9skqLLHYbagtFaZZy+3jUTlbTuOKhlOwe8jF7CUM3j6I4JA6yXNcB3w0exDKKHa8w+l+05aA==}
    engines: {node: '>= 12.0.0'}
    dependencies:
      tslib: 2.4.0
    dev: false

  /@aws-sdk/signature-v4/3.78.0:
    resolution: {integrity: sha512-eePjRYuzKoi3VMr/lgrUEF1ytLeH4fA/NMCykr/uR6NMo4bSJA59KrFLYSM7SlWLRIyB0UvJqygVEvSxFluyDw==}
    engines: {node: '>= 12.0.0'}
    dependencies:
      '@aws-sdk/is-array-buffer': 3.55.0
      '@aws-sdk/types': 3.78.0
      '@aws-sdk/util-hex-encoding': 3.58.0
      '@aws-sdk/util-middleware': 3.78.0
      '@aws-sdk/util-uri-escape': 3.55.0
      tslib: 2.4.0
    dev: false

  /@aws-sdk/smithy-client/3.78.0:
    resolution: {integrity: sha512-qweaupZtFPm9rFiEgErnVNgB6co/DylJfhC6/UImHBKa7mGzxv6t2JDm6+d8fs8cNnGNXozN+jJG8Lz6C8Roxw==}
    engines: {node: '>= 12.0.0'}
    dependencies:
      '@aws-sdk/middleware-stack': 3.78.0
      '@aws-sdk/types': 3.78.0
      tslib: 2.4.0
    dev: false

  /@aws-sdk/types/3.78.0:
    resolution: {integrity: sha512-I9PTlVNSbwhIgMfmDM5as1tqRIkVZunjVmfogb2WVVPp4CaX0Ll01S0FSMSLL9k6tcQLXqh45pFRjrxCl9WKdQ==}
    engines: {node: '>= 12.0.0'}
    dev: false

  /@aws-sdk/url-parser/3.78.0:
    resolution: {integrity: sha512-iQn2AjECUoJE0Ae9XtgHtGGKvUkvE8hhbktGopdj+zsPBe4WrBN2DgVxlKPPrBonG/YlcL1D7a5EXaujWSlUUw==}
    dependencies:
      '@aws-sdk/querystring-parser': 3.78.0
      '@aws-sdk/types': 3.78.0
      tslib: 2.4.0
    dev: false

  /@aws-sdk/util-base64-browser/3.58.0:
    resolution: {integrity: sha512-0ebsXIZNpu/fup9OgsFPnRKfCFbuuI9PPRzvP6twzLxUB0c/aix6Co7LGHFKcRKHZdaykoJMXArf8eHj2Nzv1Q==}
    dependencies:
      tslib: 2.4.0
    dev: false

  /@aws-sdk/util-base64-node/3.55.0:
    resolution: {integrity: sha512-UQ/ZuNoAc8CFMpSiRYmevaTsuRKzLwulZTnM8LNlIt9Wx1tpNvqp80cfvVj7yySKROtEi20wq29h31dZf1eYNQ==}
    engines: {node: '>= 12.0.0'}
    dependencies:
      '@aws-sdk/util-buffer-from': 3.55.0
      tslib: 2.4.0
    dev: false

  /@aws-sdk/util-body-length-browser/3.55.0:
    resolution: {integrity: sha512-Ei2OCzXQw5N6ZkTMZbamUzc1z+z1R1Ja5tMEagz5BxuX4vWdBObT+uGlSzL8yvTbjoPjnxWA2aXyEqaUP3JS8Q==}
    dependencies:
      tslib: 2.4.0
    dev: false

  /@aws-sdk/util-body-length-node/3.55.0:
    resolution: {integrity: sha512-lU1d4I+9wJwydduXs0SxSfd+mHKjxeyd39VwOv6i2KSwWkPbji9UQqpflKLKw+r45jL7+xU/zfeTUg5Tt/3Gew==}
    engines: {node: '>= 12.0.0'}
    dependencies:
      tslib: 2.4.0
    dev: false

  /@aws-sdk/util-buffer-from/3.55.0:
    resolution: {integrity: sha512-uVzKG1UgvnV7XX2FPTylBujYMKBPBaq/qFBxfl0LVNfrty7YjpfieQxAe6yRLD+T0Kir/WDQwGvYC+tOYG3IGA==}
    engines: {node: '>= 12.0.0'}
    dependencies:
      '@aws-sdk/is-array-buffer': 3.55.0
      tslib: 2.4.0
    dev: false

  /@aws-sdk/util-config-provider/3.55.0:
    resolution: {integrity: sha512-30dzofQQfx6tp1jVZkZ0DGRsT0wwC15nEysKRiAcjncM64A0Cm6sra77d0os3vbKiKoPCI/lMsFr4o3533+qvQ==}
    engines: {node: '>= 12.0.0'}
    dependencies:
      tslib: 2.4.0
    dev: false

  /@aws-sdk/util-defaults-mode-browser/3.78.0:
    resolution: {integrity: sha512-fsKEqlRbrztjpdTsMbZTlWxFpo3Av9QeYYpJuFaZbwfE0ElzinUU54kKwUrKbi60HRroQV+itoUNj3JogQDeHw==}
    engines: {node: '>= 10.0.0'}
    dependencies:
      '@aws-sdk/property-provider': 3.78.0
      '@aws-sdk/types': 3.78.0
      bowser: 2.11.0
      tslib: 2.4.0
    dev: false

  /@aws-sdk/util-defaults-mode-node/3.81.0:
    resolution: {integrity: sha512-+7YOtl+TxF08oXt2h/ONP5qk6ZZg6GaO1YSAdpjIfco4odhpy7N2AlEGSX0jZyP6Zbfi+8N7yihBa4sOuOf+Cw==}
    engines: {node: '>= 10.0.0'}
    dependencies:
      '@aws-sdk/config-resolver': 3.80.0
      '@aws-sdk/credential-provider-imds': 3.81.0
      '@aws-sdk/node-config-provider': 3.80.0
      '@aws-sdk/property-provider': 3.78.0
      '@aws-sdk/types': 3.78.0
      tslib: 2.4.0
    dev: false

  /@aws-sdk/util-hex-encoding/3.58.0:
    resolution: {integrity: sha512-Rl+jXUzk/FJkOLYfUVYPhKa2aUmTpeobRP31l8IatQltSzDgLyRHO35f6UEs7Ztn5s1jbu/POatLAZ2WjbgVyg==}
    engines: {node: '>= 12.0.0'}
    dependencies:
      tslib: 2.4.0
    dev: false

  /@aws-sdk/util-locate-window/3.55.0:
    resolution: {integrity: sha512-0sPmK2JaJE2BbTcnvybzob/VrFKCXKfN4CUKcvn0yGg/me7Bz+vtzQRB3Xp+YSx+7OtWxzv63wsvHoAnXvgxgg==}
    engines: {node: '>= 12.0.0'}
    dependencies:
      tslib: 2.4.0
    dev: false

  /@aws-sdk/util-middleware/3.78.0:
    resolution: {integrity: sha512-Hi3wv2b0VogO4mzyeEaeU5KgIt4qeo0LXU5gS6oRrG0T7s2FyKbMBkJW3YDh/Y8fNwqArZ+/QQFujpP0PIKwkA==}
    engines: {node: '>= 12.0.0'}
    dependencies:
      tslib: 2.4.0
    dev: false

  /@aws-sdk/util-uri-escape/3.55.0:
    resolution: {integrity: sha512-mmdDLUpFCN2nkfwlLdOM54lTD528GiGSPN1qb8XtGLgZsJUmg3uJSFIN2lPeSbEwJB3NFjVas/rnQC48i7mV8w==}
    engines: {node: '>= 12.0.0'}
    dependencies:
      tslib: 2.4.0
    dev: false

  /@aws-sdk/util-user-agent-browser/3.78.0:
    resolution: {integrity: sha512-diGO/Bf4ggBOEnfD7lrrXaaXOwOXGz0bAJ0HhpizwEMlBld5zfDlWXjNpslh+8+u3EHRjPJQ16KGT6mp/Dm+aw==}
    dependencies:
      '@aws-sdk/types': 3.78.0
      bowser: 2.11.0
      tslib: 2.4.0
    dev: false

  /@aws-sdk/util-user-agent-node/3.80.0:
    resolution: {integrity: sha512-QV26qIXws1m6sZXg65NS+XrQ5NhAzbDVQLtEVE4nC39UN8fuieP6Uet/gZm9mlLI9hllwvcV7EfgBM3GSC7pZg==}
    engines: {node: '>= 12.0.0'}
    dependencies:
      '@aws-sdk/node-config-provider': 3.80.0
      '@aws-sdk/types': 3.78.0
      tslib: 2.4.0
    dev: false

  /@aws-sdk/util-utf8-browser/3.55.0:
    resolution: {integrity: sha512-ljzqJcyjfJpEVSIAxwtIS8xMRUly84BdjlBXyp6cu4G8TUufgjNS31LWdhyGhgmW5vYBNr+LTz0Kwf6J+ou7Ug==}
    dependencies:
      tslib: 2.4.0
    dev: false

  /@aws-sdk/util-utf8-node/3.55.0:
    resolution: {integrity: sha512-FsFm7GFaC7j0tlPEm/ri8bU2QCwFW5WKjxUg8lm1oWaxplCpKGUsmcfPJ4sw58GIoyoGu4QXBK60oCWosZYYdQ==}
    engines: {node: '>= 12.0.0'}
    dependencies:
      '@aws-sdk/util-buffer-from': 3.55.0
      tslib: 2.4.0
    dev: false

  /@aws-sdk/util-waiter/3.78.0:
    resolution: {integrity: sha512-8pWd0XiNOS8AkWQyac8VNEI+gz/cGWlC2TAE2CJp0rOK5XhvlcNBINai4D6TxQ+9foyJXLOI1b8nuXemekoG8A==}
    engines: {node: '>= 12.0.0'}
    dependencies:
      '@aws-sdk/abort-controller': 3.78.0
      '@aws-sdk/types': 3.78.0
      tslib: 2.4.0
    dev: false

  /@types/node/17.0.31:
    resolution: {integrity: sha512-AR0x5HbXGqkEx9CadRH3EBYx/VkiUgZIhP4wvPn/+5KIsgpNoyFaRlVe0Zlx9gRtg8fA06a9tskE2MSN7TcG4Q==}
    dev: true

  /bowser/2.11.0:
    resolution: {integrity: sha512-AlcaJBi/pqqJBIQ8U9Mcpc9i8Aqxn88Skv5d+xBX006BY5u8N3mGLHa5Lgppa7L/HfwgwLgZ6NYs+Ag6uUmJRA==}
    dev: false

  /entities/2.2.0:
    resolution: {integrity: sha512-p92if5Nz619I0w+akJrLZH0MX0Pb5DX39XOwQTtXSdQQOaYH03S1uIQp4mhOZtAXrxq4ViO67YTiLBo2638o9A==}
    dev: false

  /esbuild-android-64/0.14.38:
    resolution: {integrity: sha512-aRFxR3scRKkbmNuGAK+Gee3+yFxkTJO/cx83Dkyzo4CnQl/2zVSurtG6+G86EQIZ+w+VYngVyK7P3HyTBKu3nw==}
    engines: {node: '>=12'}
    cpu: [x64]
    os: [android]
    requiresBuild: true
    dev: true
    optional: true

  /esbuild-android-arm64/0.14.38:
    resolution: {integrity: sha512-L2NgQRWuHFI89IIZIlpAcINy9FvBk6xFVZ7xGdOwIm8VyhX1vNCEqUJO3DPSSy945Gzdg98cxtNt8Grv1CsyhA==}
    engines: {node: '>=12'}
    cpu: [arm64]
    os: [android]
    requiresBuild: true
    dev: true
    optional: true

  /esbuild-darwin-64/0.14.38:
    resolution: {integrity: sha512-5JJvgXkX87Pd1Og0u/NJuO7TSqAikAcQQ74gyJ87bqWRVeouky84ICoV4sN6VV53aTW+NE87qLdGY4QA2S7KNA==}
    engines: {node: '>=12'}
    cpu: [x64]
    os: [darwin]
    requiresBuild: true
    dev: true
    optional: true

  /esbuild-darwin-arm64/0.14.38:
    resolution: {integrity: sha512-eqF+OejMI3mC5Dlo9Kdq/Ilbki9sQBw3QlHW3wjLmsLh+quNfHmGMp3Ly1eWm981iGBMdbtSS9+LRvR2T8B3eQ==}
    engines: {node: '>=12'}
    cpu: [arm64]
    os: [darwin]
    requiresBuild: true
    dev: true
    optional: true

  /esbuild-freebsd-64/0.14.38:
    resolution: {integrity: sha512-epnPbhZUt93xV5cgeY36ZxPXDsQeO55DppzsIgWM8vgiG/Rz+qYDLmh5ts3e+Ln1wA9dQ+nZmVHw+RjaW3I5Ig==}
    engines: {node: '>=12'}
    cpu: [x64]
    os: [freebsd]
    requiresBuild: true
    dev: true
    optional: true

  /esbuild-freebsd-arm64/0.14.38:
    resolution: {integrity: sha512-/9icXUYJWherhk+y5fjPI5yNUdFPtXHQlwP7/K/zg8t8lQdHVj20SqU9/udQmeUo5pDFHMYzcEFfJqgOVeKNNQ==}
    engines: {node: '>=12'}
    cpu: [arm64]
    os: [freebsd]
    requiresBuild: true
    dev: true
    optional: true

  /esbuild-linux-32/0.14.38:
    resolution: {integrity: sha512-QfgfeNHRFvr2XeHFzP8kOZVnal3QvST3A0cgq32ZrHjSMFTdgXhMhmWdKzRXP/PKcfv3e2OW9tT9PpcjNvaq6g==}
    engines: {node: '>=12'}
    cpu: [ia32]
    os: [linux]
    requiresBuild: true
    dev: true
    optional: true

  /esbuild-linux-64/0.14.38:
    resolution: {integrity: sha512-uuZHNmqcs+Bj1qiW9k/HZU3FtIHmYiuxZ/6Aa+/KHb/pFKr7R3aVqvxlAudYI9Fw3St0VCPfv7QBpUITSmBR1Q==}
    engines: {node: '>=12'}
    cpu: [x64]
    os: [linux]
    requiresBuild: true
    dev: true
    optional: true

  /esbuild-linux-arm/0.14.38:
    resolution: {integrity: sha512-FiFvQe8J3VKTDXG01JbvoVRXQ0x6UZwyrU4IaLBZeq39Bsbatd94Fuc3F1RGqPF5RbIWW7RvkVQjn79ejzysnA==}
    engines: {node: '>=12'}
    cpu: [arm]
    os: [linux]
    requiresBuild: true
    dev: true
    optional: true

  /esbuild-linux-arm64/0.14.38:
    resolution: {integrity: sha512-HlMGZTEsBrXrivr64eZ/EO0NQM8H8DuSENRok9d+Jtvq8hOLzrxfsAT9U94K3KOGk2XgCmkaI2KD8hX7F97lvA==}
    engines: {node: '>=12'}
    cpu: [arm64]
    os: [linux]
    requiresBuild: true
    dev: true
    optional: true

  /esbuild-linux-mips64le/0.14.38:
    resolution: {integrity: sha512-qd1dLf2v7QBiI5wwfil9j0HG/5YMFBAmMVmdeokbNAMbcg49p25t6IlJFXAeLzogv1AvgaXRXvgFNhScYEUXGQ==}
    engines: {node: '>=12'}
    cpu: [mips64el]
    os: [linux]
    requiresBuild: true
    dev: true
    optional: true

  /esbuild-linux-ppc64le/0.14.38:
    resolution: {integrity: sha512-mnbEm7o69gTl60jSuK+nn+pRsRHGtDPfzhrqEUXyCl7CTOCLtWN2bhK8bgsdp6J/2NyS/wHBjs1x8aBWwP2X9Q==}
    engines: {node: '>=12'}
    cpu: [ppc64]
    os: [linux]
    requiresBuild: true
    dev: true
    optional: true

  /esbuild-linux-riscv64/0.14.38:
    resolution: {integrity: sha512-+p6YKYbuV72uikChRk14FSyNJZ4WfYkffj6Af0/Tw63/6TJX6TnIKE+6D3xtEc7DeDth1fjUOEqm+ApKFXbbVQ==}
    engines: {node: '>=12'}
    cpu: [riscv64]
    os: [linux]
    requiresBuild: true
    dev: true
    optional: true

  /esbuild-linux-s390x/0.14.38:
    resolution: {integrity: sha512-0zUsiDkGJiMHxBQ7JDU8jbaanUY975CdOW1YDrurjrM0vWHfjv9tLQsW9GSyEb/heSK1L5gaweRjzfUVBFoybQ==}
    engines: {node: '>=12'}
    cpu: [s390x]
    os: [linux]
    requiresBuild: true
    dev: true
    optional: true

  /esbuild-netbsd-64/0.14.38:
    resolution: {integrity: sha512-cljBAApVwkpnJZfnRVThpRBGzCi+a+V9Ofb1fVkKhtrPLDYlHLrSYGtmnoTVWDQdU516qYI8+wOgcGZ4XIZh0Q==}
    engines: {node: '>=12'}
    cpu: [x64]
    os: [netbsd]
    requiresBuild: true
    dev: true
    optional: true

  /esbuild-openbsd-64/0.14.38:
    resolution: {integrity: sha512-CDswYr2PWPGEPpLDUO50mL3WO/07EMjnZDNKpmaxUPsrW+kVM3LoAqr/CE8UbzugpEiflYqJsGPLirThRB18IQ==}
    engines: {node: '>=12'}
    cpu: [x64]
    os: [openbsd]
    requiresBuild: true
    dev: true
    optional: true

  /esbuild-sunos-64/0.14.38:
    resolution: {integrity: sha512-2mfIoYW58gKcC3bck0j7lD3RZkqYA7MmujFYmSn9l6TiIcAMpuEvqksO+ntBgbLep/eyjpgdplF7b+4T9VJGOA==}
    engines: {node: '>=12'}
    cpu: [x64]
    os: [sunos]
    requiresBuild: true
    dev: true
    optional: true

  /esbuild-windows-32/0.14.38:
    resolution: {integrity: sha512-L2BmEeFZATAvU+FJzJiRLFUP+d9RHN+QXpgaOrs2klshoAm1AE6Us4X6fS9k33Uy5SzScn2TpcgecbqJza1Hjw==}
    engines: {node: '>=12'}
    cpu: [ia32]
    os: [win32]
    requiresBuild: true
    dev: true
    optional: true

  /esbuild-windows-64/0.14.38:
    resolution: {integrity: sha512-Khy4wVmebnzue8aeSXLC+6clo/hRYeNIm0DyikoEqX+3w3rcvrhzpoix0S+MF9vzh6JFskkIGD7Zx47ODJNyCw==}
    engines: {node: '>=12'}
    cpu: [x64]
    os: [win32]
    requiresBuild: true
    dev: true
    optional: true

  /esbuild-windows-arm64/0.14.38:
    resolution: {integrity: sha512-k3FGCNmHBkqdJXuJszdWciAH77PukEyDsdIryEHn9cKLQFxzhT39dSumeTuggaQcXY57UlmLGIkklWZo2qzHpw==}
    engines: {node: '>=12'}
    cpu: [arm64]
    os: [win32]
    requiresBuild: true
    dev: true
    optional: true

  /esbuild/0.14.38:
    resolution: {integrity: sha512-12fzJ0fsm7gVZX1YQ1InkOE5f9Tl7cgf6JPYXRJtPIoE0zkWAbHdPHVPPaLi9tYAcEBqheGzqLn/3RdTOyBfcA==}
    engines: {node: '>=12'}
    hasBin: true
    requiresBuild: true
    optionalDependencies:
      esbuild-android-64: 0.14.38
      esbuild-android-arm64: 0.14.38
      esbuild-darwin-64: 0.14.38
      esbuild-darwin-arm64: 0.14.38
      esbuild-freebsd-64: 0.14.38
      esbuild-freebsd-arm64: 0.14.38
      esbuild-linux-32: 0.14.38
      esbuild-linux-64: 0.14.38
      esbuild-linux-arm: 0.14.38
      esbuild-linux-arm64: 0.14.38
      esbuild-linux-mips64le: 0.14.38
      esbuild-linux-ppc64le: 0.14.38
      esbuild-linux-riscv64: 0.14.38
      esbuild-linux-s390x: 0.14.38
      esbuild-netbsd-64: 0.14.38
      esbuild-openbsd-64: 0.14.38
      esbuild-sunos-64: 0.14.38
      esbuild-windows-32: 0.14.38
      esbuild-windows-64: 0.14.38
      esbuild-windows-arm64: 0.14.38
    dev: true

  /fast-xml-parser/3.19.0:
    resolution: {integrity: sha512-4pXwmBplsCPv8FOY1WRakF970TjNGnGnfbOnLqjlYvMiF1SR3yOHyxMR/YCXpPTOspNF5gwudqktIP4VsWkvBg==}
    hasBin: true
    dev: false

  /tslib/1.14.1:
    resolution: {integrity: sha512-Xni35NKzjgMrwevysHTCArtLDpPvye8zV/0E4EyYn43P7/7qvQwPh9BGkHewbMulVntbigmcT7rdX3BNo9wRJg==}
    dev: false

  /tslib/2.4.0:
    resolution: {integrity: sha512-d6xOpEDfsi2CZVlPQzGeux8XMwLT9hssAsaPYExaQMuYskwb+x1x7J371tWlbBdWHroy99KnVB6qIkUbs5X3UQ==}
    dev: false

  /tunnel/0.0.6:
    resolution: {integrity: sha512-1h/Lnq9yajKY2PEbBadPXj3VxsDDu844OnaAo52UVmIzIvwwtBPIuNvkjuzBlTWpfJyUbG3ez0KSBibQkj4ojg==}
    engines: {node: '>=0.6.11 <=0.7.0 || >=0.7.3'}
    dev: false

  /typescript/4.6.4:
    resolution: {integrity: sha512-9ia/jWHIEbo49HfjrLGfKbZSuWo9iTMwXO+Ca3pRsSpbsMbc7/IU8NKdCZVRRBafVPGnoJeFL76ZOAA84I9fEg==}
    engines: {node: '>=4.2.0'}
    hasBin: true
    dev: true

  /uuid/8.3.2:
    resolution: {integrity: sha512-+NYs2QeMWy+GWFOEm9xnn6HCDp0l7QBD7ml8zLUmJ+93Q5NF0NocErnwkTkXVFNiX3/fpC6afS8Dhb/gz7R7eg==}
    hasBin: true
    dev: false
